
Microsoft Visual Studio Solution File, Format Version 12.00
# Visual Studio Version 16
VisualStudioVersion = 16.0.30503.244
MinimumVisualStudioVersion = 10.0.40219.1
Project("{FAE04EC0-301F-11D3-BF4B-00C04F79EFBC}") = "MVC-Web", "MVC-Web\MVC-Web.csproj", "{D9FC6087-72EC-4521-A667-F5E9E2F05F04}"
EndProject
Global
	GlobalSection(SolutionConfigurationPlatforms) = preSolution
		Debug|Any CPU = Debug|Any CPU
		Release|Any CPU = Release|Any CPU
	EndGlobalSection
	GlobalSection(ProjectConfigurationPlatforms) = postSolution
		{D9FC6087-72EC-4521-A667-F5E9E2F05F04}.Debug|Any CPU.ActiveCfg = Debug|Any CPU
		{D9FC6087-72EC-4521-A667-F5E9E2F05F04}.Debug|Any CPU.Build.0 = Debug|Any CPU
		{D9FC6087-72EC-4521-A667-F5E9E2F05F04}.Release|Any CPU.ActiveCfg = Release|Any CPU
		{D9FC6087-72EC-4521-A667-F5E9E2F05F04}.Release|Any CPU.Build.0 = Release|Any CPU
	EndGlobalSection
	GlobalSection(SolutionProperties) = preSolution
		HideSolutionNode = FALSE
	EndGlobalSection
	GlobalSection(ExtensibilityGlobals) = postSolution
		SolutionGuid = {C07AD9D1-262E-473B-B6C6-E78A3CE85B64}
	EndGlobalSection
EndGlobal
